
Microsoft Visual Studio Solution File, Format Version 12.00
# Visual Studio Version 17
VisualStudioVersion = 17.9.34616.47
MinimumVisualStudioVersion = 10.0.40219.1
Project("{8BC9CEB8-8B4A-11D0-8D11-00A0C91BC942}") = "DX12_Base", "DX12_Base.vcxproj", "{94A883F3-0163-4A9F-ACCA-AC4BA5A7DBB6}"
EndProject
Global
	GlobalSection(SolutionConfigurationPlatforms) = preSolution
		Debug|x64 = Debug|x64
		Debug|x86 = Debug|x86
		Release|x64 = Release|x64
		Release|x86 = Release|x86
	EndGlobalSection
	GlobalSection(ProjectConfigurationPlatforms) = postSolution
		{94A883F3-0163-4A9F-ACCA-AC4BA5A7DBB6}.Debug|x64.ActiveCfg = Debug|x64
		{94A883F3-0163-4A9F-ACCA-AC4BA5A7DBB6}.Debug|x64.Build.0 = Debug|x64
		{94A883F3-0163-4A9F-ACCA-AC4BA5A7DBB6}.Debug|x86.ActiveCfg = Debug|Win32
		{94A883F3-0163-4A9F-ACCA-AC4BA5A7DBB6}.Debug|x86.Build.0 = Debug|Win32
		{94A883F3-0163-4A9F-ACCA-AC4BA5A7DBB6}.Release|x64.ActiveCfg = Release|x64
		{94A883F3-0163-4A9F-ACCA-AC4BA5A7DBB6}.Release|x64.Build.0 = Release|x64
		{94A883F3-0163-4A9F-ACCA-AC4BA5A7DBB6}.Release|x86.ActiveCfg = Release|Win32
		{94A883F3-0163-4A9F-ACCA-AC4BA5A7DBB6}.Release|x86.Build.0 = Release|Win32
	EndGlobalSection
	GlobalSection(SolutionProperties) = preSolution
		HideSolutionNode = FALSE
	EndGlobalSection
	GlobalSection(ExtensibilityGlobals) = postSolution
		SolutionGuid = {57B3DEF3-4E44-4444-B9D6-00FA9D792AA5}
	EndGlobalSection
EndGlobal
